
Microsoft Visual Studio Solution File, Format Version 12.00
# Visual Studio 15
VisualStudioVersion = 15.0.28307.1231
MinimumVisualStudioVersion = 10.0.40219.1
Project("{FAE04EC0-301F-11D3-BF4B-00C04F79EFBC}") = "belajarAPI", "belajarAPI\belajarAPI.csproj", "{707CDEBE-4C08-4067-A13D-855C9A8B6472}"
EndProject
Project("{FAE04EC0-301F-11D3-BF4B-00C04F79EFBC}") = "web1", "web1\web1.csproj", "{786AD360-DC54-4295-8C53-9A32253EAD17}"
EndProject
Global
	GlobalSection(SolutionConfigurationPlatforms) = preSolution
		Debug|Any CPU = Debug|Any CPU
		Release|Any CPU = Release|Any CPU
	EndGlobalSection
	GlobalSection(ProjectConfigurationPlatforms) = postSolution
		{707CDEBE-4C08-4067-A13D-855C9A8B6472}.Debug|Any CPU.ActiveCfg = Debug|Any CPU
		{707CDEBE-4C08-4067-A13D-855C9A8B6472}.Debug|Any CPU.Build.0 = Debug|Any CPU
		{707CDEBE-4C08-4067-A13D-855C9A8B6472}.Release|Any CPU.ActiveCfg = Release|Any CPU
		{707CDEBE-4C08-4067-A13D-855C9A8B6472}.Release|Any CPU.Build.0 = Release|Any CPU
		{786AD360-DC54-4295-8C53-9A32253EAD17}.Debug|Any CPU.ActiveCfg = Debug|Any CPU
		{786AD360-DC54-4295-8C53-9A32253EAD17}.Debug|Any CPU.Build.0 = Debug|Any CPU
		{786AD360-DC54-4295-8C53-9A32253EAD17}.Release|Any CPU.ActiveCfg = Release|Any CPU
		{786AD360-DC54-4295-8C53-9A32253EAD17}.Release|Any CPU.Build.0 = Release|Any CPU
	EndGlobalSection
	GlobalSection(SolutionProperties) = preSolution
		HideSolutionNode = FALSE
	EndGlobalSection
	GlobalSection(ExtensibilityGlobals) = postSolution
		SolutionGuid = {8DFB147B-B2C5-4539-90D9-DBE0CE36FC88}
	EndGlobalSection
EndGlobal
